
Microsoft Visual Studio Solution File, Format Version 12.00
# Visual Studio Version 17
VisualStudioVersion = 17.6.33815.320
MinimumVisualStudioVersion = 10.0.40219.1
Project("{9A19103F-16F7-4668-BE54-9A1E7A4F7556}") = "Targil0", "Targil0\Targil0.csproj", "{EABDEC36-BE69-4CBC-9038-731E58F2108A}"
EndProject
Project("{2150E333-8FDC-42A3-9474-1A3956D46DE8}") = "Solution Items", "Solution Items", "{B6A441A4-4905-4083-8816-69E02A4367B8}"
	ProjectSection(SolutionItems) = preProject
		README.md = README.md
	EndProjectSection
EndProject
Project("{9A19103F-16F7-4668-BE54-9A1E7A4F7556}") = "DalFacade", "DalFacade\DalFacade.csproj", "{6E14A637-4CB0-48F8-AC80-540604BC1F64}"
EndProject
Project("{9A19103F-16F7-4668-BE54-9A1E7A4F7556}") = "DalList", "DalList\DalList.csproj", "{AF479763-E487-42D2-BAEB-6A78A12EAEE6}"
EndProject
Project("{9A19103F-16F7-4668-BE54-9A1E7A4F7556}") = "DalTest", "DalTest\DalTest.csproj", "{6451FC0D-74CF-40E5-8705-2C293D78A2C5}"
EndProject
Project("{9A19103F-16F7-4668-BE54-9A1E7A4F7556}") = "DalXml", "DalXml\DalXml.csproj", "{520FE806-96E0-4DBB-A8B9-60C7DB84D5A5}"
EndProject
Project("{2150E333-8FDC-42A3-9474-1A3956D46DE8}") = "xml", "xml", "{86C9C5DB-EFDB-403E-A5CE-F08796D03066}"
	ProjectSection(SolutionItems) = preProject
		xml\dal-config.xml = xml\dal-config.xml
		xml\data-config.xml = xml\data-config.xml
		xml\dependencies.xml = xml\dependencies.xml
		xml\engineers.xml = xml\engineers.xml
		xml\tasks.xml = xml\tasks.xml
	EndProjectSection
EndProject
Project("{FAE04EC0-301F-11D3-BF4B-00C04F79EFBC}") = "BL", "BL\BL.csproj", "{5D59879C-5CE0-4965-91AC-C31DE3334743}"
EndProject
Project("{FAE04EC0-301F-11D3-BF4B-00C04F79EFBC}") = "BlTest", "BlTest\BlTest.csproj", "{1E16A32D-39D2-4500-9D3E-AEBE1BC5AF34}"
EndProject
Global
	GlobalSection(SolutionConfigurationPlatforms) = preSolution
		Debug|Any CPU = Debug|Any CPU
		Release|Any CPU = Release|Any CPU
	EndGlobalSection
	GlobalSection(ProjectConfigurationPlatforms) = postSolution
		{EABDEC36-BE69-4CBC-9038-731E58F2108A}.Debug|Any CPU.ActiveCfg = Debug|Any CPU
		{EABDEC36-BE69-4CBC-9038-731E58F2108A}.Debug|Any CPU.Build.0 = Debug|Any CPU
		{EABDEC36-BE69-4CBC-9038-731E58F2108A}.Release|Any CPU.ActiveCfg = Release|Any CPU
		{EABDEC36-BE69-4CBC-9038-731E58F2108A}.Release|Any CPU.Build.0 = Release|Any CPU
		{6E14A637-4CB0-48F8-AC80-540604BC1F64}.Debug|Any CPU.ActiveCfg = Debug|Any CPU
		{6E14A637-4CB0-48F8-AC80-540604BC1F64}.Debug|Any CPU.Build.0 = Debug|Any CPU
		{6E14A637-4CB0-48F8-AC80-540604BC1F64}.Release|Any CPU.ActiveCfg = Release|Any CPU
		{6E14A637-4CB0-48F8-AC80-540604BC1F64}.Release|Any CPU.Build.0 = Release|Any CPU
		{AF479763-E487-42D2-BAEB-6A78A12EAEE6}.Debug|Any CPU.ActiveCfg = Debug|Any CPU
		{AF479763-E487-42D2-BAEB-6A78A12EAEE6}.Debug|Any CPU.Build.0 = Debug|Any CPU
		{AF479763-E487-42D2-BAEB-6A78A12EAEE6}.Release|Any CPU.ActiveCfg = Release|Any CPU
		{AF479763-E487-42D2-BAEB-6A78A12EAEE6}.Release|Any CPU.Build.0 = Release|Any CPU
		{6451FC0D-74CF-40E5-8705-2C293D78A2C5}.Debug|Any CPU.ActiveCfg = Debug|Any CPU
		{6451FC0D-74CF-40E5-8705-2C293D78A2C5}.Debug|Any CPU.Build.0 = Debug|Any CPU
		{6451FC0D-74CF-40E5-8705-2C293D78A2C5}.Release|Any CPU.ActiveCfg = Release|Any CPU
		{6451FC0D-74CF-40E5-8705-2C293D78A2C5}.Release|Any CPU.Build.0 = Release|Any CPU
		{520FE806-96E0-4DBB-A8B9-60C7DB84D5A5}.Debug|Any CPU.ActiveCfg = Debug|Any CPU
		{520FE806-96E0-4DBB-A8B9-60C7DB84D5A5}.Debug|Any CPU.Build.0 = Debug|Any CPU
		{520FE806-96E0-4DBB-A8B9-60C7DB84D5A5}.Release|Any CPU.ActiveCfg = Release|Any CPU
		{520FE806-96E0-4DBB-A8B9-60C7DB84D5A5}.Release|Any CPU.Build.0 = Release|Any CPU
		{5D59879C-5CE0-4965-91AC-C31DE3334743}.Debug|Any CPU.ActiveCfg = Debug|Any CPU
		{5D59879C-5CE0-4965-91AC-C31DE3334743}.Debug|Any CPU.Build.0 = Debug|Any CPU
		{5D59879C-5CE0-4965-91AC-C31DE3334743}.Release|Any CPU.ActiveCfg = Release|Any CPU
		{5D59879C-5CE0-4965-91AC-C31DE3334743}.Release|Any CPU.Build.0 = Release|Any CPU
		{1E16A32D-39D2-4500-9D3E-AEBE1BC5AF34}.Debug|Any CPU.ActiveCfg = Debug|Any CPU
		{1E16A32D-39D2-4500-9D3E-AEBE1BC5AF34}.Debug|Any CPU.Build.0 = Debug|Any CPU
		{1E16A32D-39D2-4500-9D3E-AEBE1BC5AF34}.Release|Any CPU.ActiveCfg = Release|Any CPU
		{1E16A32D-39D2-4500-9D3E-AEBE1BC5AF34}.Release|Any CPU.Build.0 = Release|Any CPU
	EndGlobalSection
	GlobalSection(SolutionProperties) = preSolution
		HideSolutionNode = FALSE
	EndGlobalSection
	GlobalSection(ExtensibilityGlobals) = postSolution
		SolutionGuid = {4DA08FA8-7183-45E1-B15F-16843BD3D99E}
	EndGlobalSection
EndGlobal
